# generated by rye
# use `rye lock` or `rye sync` to update this lockfile
#
# last locked with the following flags:
#   pre: false
#   features: []
#   all-features: false
#   with-sources: false

-e file:.
aiodns==3.1.1
    # via hypixel-py
aiohttp==3.9.3
    # via hypixel-py
    # via proxhy
aiosignal==1.3.1
    # via aiohttp
appdirs==1.4.4
    # via proxhy
attrs==23.2.0
    # via aiohttp
brotlipy==0.7.0
    # via hypixel-py
cffi==1.16.0
    # via brotlipy
    # via cryptography
    # via pycares
cryptography==42.0.5
    # via proxhy
frozenlist==1.4.1
    # via aiohttp
    # via aiosignal
hypixel-py==0.4.2
    # via hypixel-py
    # via proxhy
idna==3.6
    # via yarl
multidict==6.0.5
    # via aiohttp
    # via yarl
pycares==4.4.0
    # via aiodns
pycparser==2.21
    # via cffi
ujson==5.9.0
    # via hypixel-py
yarl==1.9.4
    # via aiohttp
